{
  "version": 4,
  "terraform_version": "1.12.2",
  "serial": 16,
  "lineage": "5e9b4b31-d14a-72f6-7964-e2ee0cdceeda",
  "outputs": {},
  "resources": [
    {
      "mode": "data",
      "type": "archive_file",
      "name": "zip_the_python_code",
      "provider": "provider[\"registry.terraform.io/hashicorp/archive\"]",
      "instances": [
        {
          "schema_version": 0,
          "attributes": {
            "exclude_symlink_directories": null,
            "excludes": null,
            "id": "1686f4ae1f60ea1c13441c01ee45479ecfd7acd9",
            "output_base64sha256": "RPozdOhFFcHkKdcny2jDQ7wrHpFpC/UnHktqCQP/wM0=",
            "output_base64sha512": "yqRamVZ44dFF35vZ0WBTHvO1O1hEVbxG3gBieWnnk6T81hgFuGDVvKQCtPkqL9TXDoVjBQ9koLwQhKb5e5jqTw==",
            "output_file_mode": null,
            "output_md5": "c7e75eb890af5a2809889a33dc7fcbf1",
            "output_path": "./lambda/func.zip",
            "output_sha": "1686f4ae1f60ea1c13441c01ee45479ecfd7acd9",
            "output_sha256": "44fa3374e84515c1e429d727cb68c343bc2b1e91690bf5271e4b6a0903ffc0cd",
            "output_sha512": "caa45a995678e1d145df9bd9d160531ef3b53b584455bc46de00627969e793a4fcd61805b860d5bca402b4f92a2fd4d70e8563050f64a0bc1084a6f97b98ea4f",
            "output_size": 572,
            "source": [],
            "source_content": null,
            "source_content_filename": null,
            "source_dir": null,
            "source_file": "./lambda/func.py",
            "type": "zip"
          },
          "sensitive_attributes": [],
          "identity_schema_version": 0
        }
      ]
    },
    {
      "mode": "managed",
      "type": "aws_iam_policy",
      "name": "iam_policy_for_resume_project",
      "provider": "provider[\"registry.terraform.io/hashicorp/aws\"]",
      "instances": [
        {
          "schema_version": 0,
          "attributes": {
            "arn": "arn:aws:iam::202331653584:policy/aws_iam_policy_for_terraform_resume_project_policy",
            "attachment_count": 0,
            "description": "AWS IAM Policy for managing the resume project role",
            "id": "arn:aws:iam::202331653584:policy/aws_iam_policy_for_terraform_resume_project_policy",
            "name": "aws_iam_policy_for_terraform_resume_project_policy",
            "name_prefix": "",
            "path": "/",
            "policy": "{\"Statement\":[{\"Action\":[\"logs:CreateLogGroup\",\"logs:CreateLogStream\",\"logs:PutLogEvents\"],\"Effect\":\"Allow\",\"Resource\":\"arn:aws:logs:*:*:*\"},{\"Action\":[\"dynamodb:UpdateItem\",\"dynamodb:GetItem\"],\"Effect\":\"Allow\",\"Resource\":\"arn:aws:dynamodb:*:*:table/resume-challenge\"}],\"Version\":\"2012-10-17\"}",
            "policy_id": "ANPAS6G7IAXIHHJWBFGNC",
            "tags": null,
            "tags_all": {}
          },
          "sensitive_attributes": [],
          "identity_schema_version": 0,
          "private": "bnVsbA=="
        }
      ]
    },
    {
      "mode": "managed",
      "type": "aws_iam_role",
      "name": "iam_for_lambda",
      "provider": "provider[\"registry.terraform.io/hashicorp/aws\"]",
      "instances": [
        {
          "schema_version": 0,
          "attributes": {
            "arn": "arn:aws:iam::202331653584:role/iam_for_lambda",
            "assume_role_policy": "{\"Statement\":[{\"Action\":\"sts:AssumeRole\",\"Effect\":\"Allow\",\"Principal\":{\"Service\":\"lambda.amazonaws.com\"},\"Sid\":\"\"}],\"Version\":\"2012-10-17\"}",
            "create_date": "2025-06-13T18:23:43Z",
            "description": "",
            "force_detach_policies": false,
            "id": "iam_for_lambda",
            "inline_policy": [],
            "managed_policy_arns": [],
            "max_session_duration": 3600,
            "name": "iam_for_lambda",
            "name_prefix": "",
            "path": "/",
            "permissions_boundary": "",
            "tags": null,
            "tags_all": {},
            "unique_id": "AROAS6G7IAXIKQITQYQJR"
          },
          "sensitive_attributes": [],
          "identity_schema_version": 0,
          "private": "bnVsbA=="
        }
      ]
    },
    {
      "mode": "managed",
      "type": "aws_iam_role_policy_attachment",
      "name": "attach_iam_policy_to_iam_role",
      "provider": "provider[\"registry.terraform.io/hashicorp/aws\"]",
      "instances": [
        {
          "schema_version": 0,
          "attributes": {
            "id": "iam_for_lambda-20250613182344232000000001",
            "policy_arn": "arn:aws:iam::202331653584:policy/aws_iam_policy_for_terraform_resume_project_policy",
            "role": "iam_for_lambda"
          },
          "sensitive_attributes": [],
          "identity_schema_version": 0,
          "private": "bnVsbA==",
          "dependencies": [
            "aws_iam_policy.iam_policy_for_resume_project",
            "aws_iam_role.iam_for_lambda"
          ]
        }
      ]
    }
  ],
  "check_results": null
}
